<Solution>
  <Folder Name="/docker/" />
  <Folder Name="/docs/" />
  <Folder Name="/Solution Items/">
    <File Path=".gitignore" />
  </Folder>
  <Folder Name="/src/">
    <Project Path="EnterpriseCollegeManagement.AcademicService/EnterpriseCollegeManagement.AcademicService.csproj" />
    <Project Path="EnterpriseCollegeManagement.ApiGateway/EnterpriseCollegeManagement.ApiGateway.csproj" />
    <Project Path="EnterpriseCollegeManagement.AssignmentService/EnterpriseCollegeManagement.AssignmentService.csproj" />
    <Project Path="EnterpriseCollegeManagement.IdentityService/EnterpriseCollegeManagement.IdentityService.csproj" />
    <Project Path="EnterpriseCollegeManagement.Portal/EnterpriseCollegeManagement.Portal.csproj" />
    <Project Path="EnterpriseCollegeManagement.StudentService/EnterpriseCollegeManagement.StudentService.csproj" />
  </Folder>
  <Folder Name="/tests/" />
</Solution>
